schema: '2.0'
stages:
  fetch:
    cmd: "poetry run python src/data/price/fetch_price_data.py\ngit commit -am \"\
      Updated raw price data on `date` with DVC pipeline and GitHub workflows\" ||
      echo \"Ignore error\"\ngit push || echo \"Ignore error\"\ndvc push || echo \"\
      Ignore error\"\n"
    deps:
    - path: src/data/price/fetch_price_data.py
      hash: md5
      md5: 20f55145d51c62cbc30bb2bbb9de1e0b
      size: 1849
    params:
      params.yaml:
        fetch_price.exchange: NASDAQ
        fetch_price.interval: 15min
        fetch_price.symbol: AAPL
        fetch_price.timezone: Exchange
        fetch_price.weeks_ago: 1
    outs:
    - path: data/raw/price/AAPL_price_data.json
      hash: md5
      md5: 8346419b2ea2de12fb1237c5e26b47ba
      size: 17576
  preprocess:
    cmd: "poetry run python src/data/price/preprocess_price_data.py\ngit commit -am
      \"Updated preprocessed price data on `date` with DVC pipeline and GitHub workflows\"\
      \ || echo \"Ignore error\"\ngit push || echo \"Ignore error\"\ndvc push || echo
      \"Ignore error\"\n"
    deps:
    - path: data/raw/price/AAPL_price_data.json
      hash: md5
      md5: 8346419b2ea2de12fb1237c5e26b47ba
      size: 17576
    - path: src/data/price/preprocess_price_data.py
      hash: md5
      md5: 9ffc27e7abdb2d49df68d958e12878ae
      size: 2169
    outs:
    - path: data/preprocessed/price
      hash: md5
      md5: 33179647365152ab816ed7a05f675c3c.dir
      size: 380042
      nfiles: 1
  validate:
    cmd: "cd gx && poetry run python run_checkpoint.py\n"
    deps:
    - path: data/preprocessed/price/
      hash: md5
      md5: 33179647365152ab816ed7a05f675c3c.dir
      size: 380042
      nfiles: 1
    - path: gx/run_checkpoint.py
      hash: md5
      md5: b0e9b3633585fd8e79c24167559c7d98
      size: 670
    outs:
    - path: gx/uncommitted
      hash: md5
      md5: fea498ce436d9805852a83f518569738.dir
      size: 8158286
      nfiles: 88
  test_data:
    cmd: "poetry run python src/data/price/test_data.py\n"
    deps:
    - path: data/preprocessed/price/
      hash: md5
      md5: 33179647365152ab816ed7a05f675c3c.dir
      size: 380042
      nfiles: 1
    - path: src/data/price/test_data.py
      hash: md5
      md5: 89585172f59871bdd0ae8febccce3b62
      size: 1926
    outs:
    - path: data/reference/price
      hash: md5
      md5: 65a65047225daa2380a21a3394585692.dir
      size: 380046
      nfiles: 1
    - path: reports
      hash: md5
      md5: 0faea16475dad6cde7dd0ca10dc3bf99.dir
      size: 3949144
      nfiles: 2
