schema: '2.0'
stages:
  fetch:
    cmd: "poetry run python src/data/price/fetch_price_data.py\ngit commit -am \"
      Updated raw price data on `date` with DVC pipeline and GitHub workflows\" ||
      echo \"Ignore error\"\ngit push || echo \"Ignore error\"\ndvc push || echo \"\
      Ignore error\"\n"
    deps:
    - path: src/data/price/fetch_price_data.py
      hash: md5
      md5: 29c499019a8848522ece3e76fa757802
      size: 1901
    params:
      params.yaml:
        fetch_price.exchange: NASDAQ
        fetch_price.interval: 15min
        fetch_price.symbol: AAPL
        fetch_price.timezone: Exchange
        fetch_price.weeks_ago: 1
    outs:
    - path: data/raw/price/AAPL_price_data.json
      hash: md5
      md5: 1401925943895910ea822becb5a6b080
      size: 16998
  preprocess:
    cmd: "poetry run python src/data/price/preprocess_price_data.py\ngit commit -am
      \"Updated preprocessed price data on `date` with DVC pipeline and GitHub workflows\"\
      \ || echo \"Ignore error\"\ngit push || echo \"Ignore error\"\ndvc push || echo
      \"Ignore error\"\n"
    deps:
    - path: data/raw/price/AAPL_price_data.json
      hash: md5
      md5: 1401925943895910ea822becb5a6b080
      size: 16998
    - path: src/data/price/preprocess_price_data.py
      hash: md5
      md5: 8d579ab816c4e54f58f9a50058a45b05
      size: 2221
    outs:
    - path: data/preprocessed/price
      hash: md5
      md5: 114f88f017de793039529d3d51044d97.dir
      size: 385988
      nfiles: 1
  validate:
    cmd: "cd gx && poetry run python run_checkpoint.py\n"
    deps:
    - path: data/preprocessed/price/
      hash: md5
      md5: 114f88f017de793039529d3d51044d97.dir
      size: 385988
      nfiles: 1
    - path: gx/run_checkpoint.py
      hash: md5
      md5: 87faeba30a02a36a8005c0be056c806c
      size: 702
    outs:
    - path: gx/uncommitted
      hash: md5
      md5: 112039ae86dde5d7fab2be36517e9968.dir
      size: 7652554
      nfiles: 76
